
Microsoft Visual Studio Solution File, Format Version 12.00
# Visual Studio 14
VisualStudioVersion = 14.0.24720.0
MinimumVisualStudioVersion = 10.0.40219.1
Project("{FAE04EC0-301F-11D3-BF4B-00C04F79EFBC}") = "AutomationSystemBackground", "AutomationSystemBackground\AutomationSystemBackground.csproj", "{FB309C53-DFF8-49C3-B271-FF5D5728C521}"
EndProject
Project("{FAE04EC0-301F-11D3-BF4B-00C04F79EFBC}") = "AutomationSystemInterface", "AutomationSystemInterface\AutomationSystemInterface.csproj", "{C7A10348-2CB7-43F4-B331-3199EF65822A}"
EndProject
Project("{FAE04EC0-301F-11D3-BF4B-00C04F79EFBC}") = "AutomationSystemAPI", "AutomationSystemAPI\AutomationSystemAPI.csproj", "{F43D27AC-2011-4217-822A-802F39400736}"
EndProject
Project("{FAE04EC0-301F-11D3-BF4B-00C04F79EFBC}") = "AutomationManager", "AutomationManager\AutomationManager.csproj", "{40C9CAFE-3EFA-40A0-86E3-E476C3C64C6E}"
EndProject
Project("{FAE04EC0-301F-11D3-BF4B-00C04F79EFBC}") = "IoTForeground", "IoTForeground\IoTForeground.csproj", "{E0CDBAEB-D371-4275-9D35-73C35CF0EE68}"
EndProject
Project("{FAE04EC0-301F-11D3-BF4B-00C04F79EFBC}") = "AutomationSystemCore", "AutomationSystemCore\AutomationSystemCore.csproj", "{E7156095-46D7-4EE1-B6E4-1568380DE938}"
EndProject
Project("{FAE04EC0-301F-11D3-BF4B-00C04F79EFBC}") = "ElectronicsSystemInterface", "ElectronicsSystemInterface\ElectronicsSystemInterface.csproj", "{48550E0D-7E43-436D-9795-9873DE569085}"
EndProject
Global
	GlobalSection(SolutionConfigurationPlatforms) = preSolution
		Debug|Any CPU = Debug|Any CPU
		Debug|ARM = Debug|ARM
		Debug|x64 = Debug|x64
		Debug|x86 = Debug|x86
		Release|Any CPU = Release|Any CPU
		Release|ARM = Release|ARM
		Release|x64 = Release|x64
		Release|x86 = Release|x86
	EndGlobalSection
	GlobalSection(ProjectConfigurationPlatforms) = postSolution
		{FB309C53-DFF8-49C3-B271-FF5D5728C521}.Debug|Any CPU.ActiveCfg = Debug|x86
		{FB309C53-DFF8-49C3-B271-FF5D5728C521}.Debug|ARM.ActiveCfg = Debug|ARM
		{FB309C53-DFF8-49C3-B271-FF5D5728C521}.Debug|ARM.Build.0 = Debug|ARM
		{FB309C53-DFF8-49C3-B271-FF5D5728C521}.Debug|ARM.Deploy.0 = Debug|ARM
		{FB309C53-DFF8-49C3-B271-FF5D5728C521}.Debug|x64.ActiveCfg = Debug|x64
		{FB309C53-DFF8-49C3-B271-FF5D5728C521}.Debug|x64.Build.0 = Debug|x64
		{FB309C53-DFF8-49C3-B271-FF5D5728C521}.Debug|x64.Deploy.0 = Debug|x64
		{FB309C53-DFF8-49C3-B271-FF5D5728C521}.Debug|x86.ActiveCfg = Debug|x86
		{FB309C53-DFF8-49C3-B271-FF5D5728C521}.Debug|x86.Build.0 = Debug|x86
		{FB309C53-DFF8-49C3-B271-FF5D5728C521}.Debug|x86.Deploy.0 = Debug|x86
		{FB309C53-DFF8-49C3-B271-FF5D5728C521}.Release|Any CPU.ActiveCfg = Release|x86
		{FB309C53-DFF8-49C3-B271-FF5D5728C521}.Release|ARM.ActiveCfg = Release|ARM
		{FB309C53-DFF8-49C3-B271-FF5D5728C521}.Release|ARM.Build.0 = Release|ARM
		{FB309C53-DFF8-49C3-B271-FF5D5728C521}.Release|ARM.Deploy.0 = Release|ARM
		{FB309C53-DFF8-49C3-B271-FF5D5728C521}.Release|x64.ActiveCfg = Release|x64
		{FB309C53-DFF8-49C3-B271-FF5D5728C521}.Release|x64.Build.0 = Release|x64
		{FB309C53-DFF8-49C3-B271-FF5D5728C521}.Release|x64.Deploy.0 = Release|x64
		{FB309C53-DFF8-49C3-B271-FF5D5728C521}.Release|x86.ActiveCfg = Release|x86
		{FB309C53-DFF8-49C3-B271-FF5D5728C521}.Release|x86.Build.0 = Release|x86
		{FB309C53-DFF8-49C3-B271-FF5D5728C521}.Release|x86.Deploy.0 = Release|x86
		{C7A10348-2CB7-43F4-B331-3199EF65822A}.Debug|Any CPU.ActiveCfg = Debug|x86
		{C7A10348-2CB7-43F4-B331-3199EF65822A}.Debug|ARM.ActiveCfg = Debug|ARM
		{C7A10348-2CB7-43F4-B331-3199EF65822A}.Debug|ARM.Build.0 = Debug|ARM
		{C7A10348-2CB7-43F4-B331-3199EF65822A}.Debug|ARM.Deploy.0 = Debug|ARM
		{C7A10348-2CB7-43F4-B331-3199EF65822A}.Debug|x64.ActiveCfg = Debug|x64
		{C7A10348-2CB7-43F4-B331-3199EF65822A}.Debug|x64.Build.0 = Debug|x64
		{C7A10348-2CB7-43F4-B331-3199EF65822A}.Debug|x64.Deploy.0 = Debug|x64
		{C7A10348-2CB7-43F4-B331-3199EF65822A}.Debug|x86.ActiveCfg = Debug|x86
		{C7A10348-2CB7-43F4-B331-3199EF65822A}.Debug|x86.Build.0 = Debug|x86
		{C7A10348-2CB7-43F4-B331-3199EF65822A}.Debug|x86.Deploy.0 = Debug|x86
		{C7A10348-2CB7-43F4-B331-3199EF65822A}.Release|Any CPU.ActiveCfg = Release|x86
		{C7A10348-2CB7-43F4-B331-3199EF65822A}.Release|ARM.ActiveCfg = Release|ARM
		{C7A10348-2CB7-43F4-B331-3199EF65822A}.Release|ARM.Build.0 = Release|ARM
		{C7A10348-2CB7-43F4-B331-3199EF65822A}.Release|ARM.Deploy.0 = Release|ARM
		{C7A10348-2CB7-43F4-B331-3199EF65822A}.Release|x64.ActiveCfg = Release|x64
		{C7A10348-2CB7-43F4-B331-3199EF65822A}.Release|x64.Build.0 = Release|x64
		{C7A10348-2CB7-43F4-B331-3199EF65822A}.Release|x64.Deploy.0 = Release|x64
		{C7A10348-2CB7-43F4-B331-3199EF65822A}.Release|x86.ActiveCfg = Release|x86
		{C7A10348-2CB7-43F4-B331-3199EF65822A}.Release|x86.Build.0 = Release|x86
		{C7A10348-2CB7-43F4-B331-3199EF65822A}.Release|x86.Deploy.0 = Release|x86
		{F43D27AC-2011-4217-822A-802F39400736}.Debug|Any CPU.ActiveCfg = Debug|Any CPU
		{F43D27AC-2011-4217-822A-802F39400736}.Debug|Any CPU.Build.0 = Debug|Any CPU
		{F43D27AC-2011-4217-822A-802F39400736}.Debug|ARM.ActiveCfg = Debug|Any CPU
		{F43D27AC-2011-4217-822A-802F39400736}.Debug|ARM.Build.0 = Debug|Any CPU
		{F43D27AC-2011-4217-822A-802F39400736}.Debug|x64.ActiveCfg = Debug|Any CPU
		{F43D27AC-2011-4217-822A-802F39400736}.Debug|x64.Build.0 = Debug|Any CPU
		{F43D27AC-2011-4217-822A-802F39400736}.Debug|x86.ActiveCfg = Debug|Any CPU
		{F43D27AC-2011-4217-822A-802F39400736}.Debug|x86.Build.0 = Debug|Any CPU
		{F43D27AC-2011-4217-822A-802F39400736}.Release|Any CPU.ActiveCfg = Release|Any CPU
		{F43D27AC-2011-4217-822A-802F39400736}.Release|Any CPU.Build.0 = Release|Any CPU
		{F43D27AC-2011-4217-822A-802F39400736}.Release|ARM.ActiveCfg = Release|Any CPU
		{F43D27AC-2011-4217-822A-802F39400736}.Release|ARM.Build.0 = Release|Any CPU
		{F43D27AC-2011-4217-822A-802F39400736}.Release|x64.ActiveCfg = Release|Any CPU
		{F43D27AC-2011-4217-822A-802F39400736}.Release|x64.Build.0 = Release|Any CPU
		{F43D27AC-2011-4217-822A-802F39400736}.Release|x86.ActiveCfg = Release|Any CPU
		{F43D27AC-2011-4217-822A-802F39400736}.Release|x86.Build.0 = Release|Any CPU
		{40C9CAFE-3EFA-40A0-86E3-E476C3C64C6E}.Debug|Any CPU.ActiveCfg = Debug|Any CPU
		{40C9CAFE-3EFA-40A0-86E3-E476C3C64C6E}.Debug|Any CPU.Build.0 = Debug|Any CPU
		{40C9CAFE-3EFA-40A0-86E3-E476C3C64C6E}.Debug|ARM.ActiveCfg = Debug|Any CPU
		{40C9CAFE-3EFA-40A0-86E3-E476C3C64C6E}.Debug|ARM.Build.0 = Debug|Any CPU
		{40C9CAFE-3EFA-40A0-86E3-E476C3C64C6E}.Debug|x64.ActiveCfg = Debug|Any CPU
		{40C9CAFE-3EFA-40A0-86E3-E476C3C64C6E}.Debug|x64.Build.0 = Debug|Any CPU
		{40C9CAFE-3EFA-40A0-86E3-E476C3C64C6E}.Debug|x86.ActiveCfg = Debug|Any CPU
		{40C9CAFE-3EFA-40A0-86E3-E476C3C64C6E}.Debug|x86.Build.0 = Debug|Any CPU
		{40C9CAFE-3EFA-40A0-86E3-E476C3C64C6E}.Release|Any CPU.ActiveCfg = Release|Any CPU
		{40C9CAFE-3EFA-40A0-86E3-E476C3C64C6E}.Release|Any CPU.Build.0 = Release|Any CPU
		{40C9CAFE-3EFA-40A0-86E3-E476C3C64C6E}.Release|ARM.ActiveCfg = Release|Any CPU
		{40C9CAFE-3EFA-40A0-86E3-E476C3C64C6E}.Release|ARM.Build.0 = Release|Any CPU
		{40C9CAFE-3EFA-40A0-86E3-E476C3C64C6E}.Release|x64.ActiveCfg = Release|Any CPU
		{40C9CAFE-3EFA-40A0-86E3-E476C3C64C6E}.Release|x64.Build.0 = Release|Any CPU
		{40C9CAFE-3EFA-40A0-86E3-E476C3C64C6E}.Release|x86.ActiveCfg = Release|Any CPU
		{40C9CAFE-3EFA-40A0-86E3-E476C3C64C6E}.Release|x86.Build.0 = Release|Any CPU
		{E0CDBAEB-D371-4275-9D35-73C35CF0EE68}.Debug|Any CPU.ActiveCfg = Debug|x86
		{E0CDBAEB-D371-4275-9D35-73C35CF0EE68}.Debug|ARM.ActiveCfg = Debug|ARM
		{E0CDBAEB-D371-4275-9D35-73C35CF0EE68}.Debug|ARM.Build.0 = Debug|ARM
		{E0CDBAEB-D371-4275-9D35-73C35CF0EE68}.Debug|ARM.Deploy.0 = Debug|ARM
		{E0CDBAEB-D371-4275-9D35-73C35CF0EE68}.Debug|x64.ActiveCfg = Debug|x64
		{E0CDBAEB-D371-4275-9D35-73C35CF0EE68}.Debug|x64.Build.0 = Debug|x64
		{E0CDBAEB-D371-4275-9D35-73C35CF0EE68}.Debug|x64.Deploy.0 = Debug|x64
		{E0CDBAEB-D371-4275-9D35-73C35CF0EE68}.Debug|x86.ActiveCfg = Debug|x86
		{E0CDBAEB-D371-4275-9D35-73C35CF0EE68}.Debug|x86.Build.0 = Debug|x86
		{E0CDBAEB-D371-4275-9D35-73C35CF0EE68}.Debug|x86.Deploy.0 = Debug|x86
		{E0CDBAEB-D371-4275-9D35-73C35CF0EE68}.Release|Any CPU.ActiveCfg = Release|x86
		{E0CDBAEB-D371-4275-9D35-73C35CF0EE68}.Release|ARM.ActiveCfg = Release|ARM
		{E0CDBAEB-D371-4275-9D35-73C35CF0EE68}.Release|ARM.Build.0 = Release|ARM
		{E0CDBAEB-D371-4275-9D35-73C35CF0EE68}.Release|ARM.Deploy.0 = Release|ARM
		{E0CDBAEB-D371-4275-9D35-73C35CF0EE68}.Release|x64.ActiveCfg = Release|x64
		{E0CDBAEB-D371-4275-9D35-73C35CF0EE68}.Release|x64.Build.0 = Release|x64
		{E0CDBAEB-D371-4275-9D35-73C35CF0EE68}.Release|x64.Deploy.0 = Release|x64
		{E0CDBAEB-D371-4275-9D35-73C35CF0EE68}.Release|x86.ActiveCfg = Release|x86
		{E0CDBAEB-D371-4275-9D35-73C35CF0EE68}.Release|x86.Build.0 = Release|x86
		{E0CDBAEB-D371-4275-9D35-73C35CF0EE68}.Release|x86.Deploy.0 = Release|x86
		{E7156095-46D7-4EE1-B6E4-1568380DE938}.Debug|Any CPU.ActiveCfg = Debug|Any CPU
		{E7156095-46D7-4EE1-B6E4-1568380DE938}.Debug|Any CPU.Build.0 = Debug|Any CPU
		{E7156095-46D7-4EE1-B6E4-1568380DE938}.Debug|ARM.ActiveCfg = Debug|Any CPU
		{E7156095-46D7-4EE1-B6E4-1568380DE938}.Debug|ARM.Build.0 = Debug|Any CPU
		{E7156095-46D7-4EE1-B6E4-1568380DE938}.Debug|x64.ActiveCfg = Debug|Any CPU
		{E7156095-46D7-4EE1-B6E4-1568380DE938}.Debug|x64.Build.0 = Debug|Any CPU
		{E7156095-46D7-4EE1-B6E4-1568380DE938}.Debug|x86.ActiveCfg = Debug|Any CPU
		{E7156095-46D7-4EE1-B6E4-1568380DE938}.Debug|x86.Build.0 = Debug|Any CPU
		{E7156095-46D7-4EE1-B6E4-1568380DE938}.Release|Any CPU.ActiveCfg = Release|Any CPU
		{E7156095-46D7-4EE1-B6E4-1568380DE938}.Release|Any CPU.Build.0 = Release|Any CPU
		{E7156095-46D7-4EE1-B6E4-1568380DE938}.Release|ARM.ActiveCfg = Release|Any CPU
		{E7156095-46D7-4EE1-B6E4-1568380DE938}.Release|ARM.Build.0 = Release|Any CPU
		{E7156095-46D7-4EE1-B6E4-1568380DE938}.Release|x64.ActiveCfg = Release|Any CPU
		{E7156095-46D7-4EE1-B6E4-1568380DE938}.Release|x64.Build.0 = Release|Any CPU
		{E7156095-46D7-4EE1-B6E4-1568380DE938}.Release|x86.ActiveCfg = Release|Any CPU
		{E7156095-46D7-4EE1-B6E4-1568380DE938}.Release|x86.Build.0 = Release|Any CPU
		{48550E0D-7E43-436D-9795-9873DE569085}.Debug|Any CPU.ActiveCfg = Debug|x86
		{48550E0D-7E43-436D-9795-9873DE569085}.Debug|ARM.ActiveCfg = Debug|ARM
		{48550E0D-7E43-436D-9795-9873DE569085}.Debug|ARM.Build.0 = Debug|ARM
		{48550E0D-7E43-436D-9795-9873DE569085}.Debug|ARM.Deploy.0 = Debug|ARM
		{48550E0D-7E43-436D-9795-9873DE569085}.Debug|x64.ActiveCfg = Debug|x64
		{48550E0D-7E43-436D-9795-9873DE569085}.Debug|x64.Build.0 = Debug|x64
		{48550E0D-7E43-436D-9795-9873DE569085}.Debug|x64.Deploy.0 = Debug|x64
		{48550E0D-7E43-436D-9795-9873DE569085}.Debug|x86.ActiveCfg = Debug|x86
		{48550E0D-7E43-436D-9795-9873DE569085}.Debug|x86.Build.0 = Debug|x86
		{48550E0D-7E43-436D-9795-9873DE569085}.Debug|x86.Deploy.0 = Debug|x86
		{48550E0D-7E43-436D-9795-9873DE569085}.Release|Any CPU.ActiveCfg = Release|x86
		{48550E0D-7E43-436D-9795-9873DE569085}.Release|ARM.ActiveCfg = Release|ARM
		{48550E0D-7E43-436D-9795-9873DE569085}.Release|ARM.Build.0 = Release|ARM
		{48550E0D-7E43-436D-9795-9873DE569085}.Release|ARM.Deploy.0 = Release|ARM
		{48550E0D-7E43-436D-9795-9873DE569085}.Release|x64.ActiveCfg = Release|x64
		{48550E0D-7E43-436D-9795-9873DE569085}.Release|x64.Build.0 = Release|x64
		{48550E0D-7E43-436D-9795-9873DE569085}.Release|x64.Deploy.0 = Release|x64
		{48550E0D-7E43-436D-9795-9873DE569085}.Release|x86.ActiveCfg = Release|x86
		{48550E0D-7E43-436D-9795-9873DE569085}.Release|x86.Build.0 = Release|x86
		{48550E0D-7E43-436D-9795-9873DE569085}.Release|x86.Deploy.0 = Release|x86
	EndGlobalSection
	GlobalSection(SolutionProperties) = preSolution
		HideSolutionNode = FALSE
	EndGlobalSection
EndGlobal
